
Microsoft Visual Studio Solution File, Format Version 12.00
# Visual Studio Version 17
VisualStudioVersion = 17.9.34728.123
MinimumVisualStudioVersion = 10.0.40219.1
Project("{FAE04EC0-301F-11D3-BF4B-00C04F79EFBC}") = "lista3", "lista3\lista3.csproj", "{48F73161-3766-4F83-B668-BB75009878FF}"
EndProject
Global
	GlobalSection(SolutionConfigurationPlatforms) = preSolution
		Debug|Any CPU = Debug|Any CPU
		Release|Any CPU = Release|Any CPU
	EndGlobalSection
	GlobalSection(ProjectConfigurationPlatforms) = postSolution
		{48F73161-3766-4F83-B668-BB75009878FF}.Debug|Any CPU.ActiveCfg = Debug|Any CPU
		{48F73161-3766-4F83-B668-BB75009878FF}.Debug|Any CPU.Build.0 = Debug|Any CPU
		{48F73161-3766-4F83-B668-BB75009878FF}.Release|Any CPU.ActiveCfg = Release|Any CPU
		{48F73161-3766-4F83-B668-BB75009878FF}.Release|Any CPU.Build.0 = Release|Any CPU
	EndGlobalSection
	GlobalSection(SolutionProperties) = preSolution
		HideSolutionNode = FALSE
	EndGlobalSection
	GlobalSection(ExtensibilityGlobals) = postSolution
		SolutionGuid = {1AB81EDB-9371-438F-97E1-2705865F56C5}
	EndGlobalSection
EndGlobal
